
Microsoft Visual Studio Solution File, Format Version 12.00
# Visual Studio 2013
VisualStudioVersion = 12.0.30723.0
MinimumVisualStudioVersion = 10.0.40219.1
Project("{F2A71F9B-5D33-465A-A702-920D77279786}") = "FSharp.CodeSnippets", "FSharp.CodeSnippets\FSharp.CodeSnippets.fsproj", "{962F91A9-597F-41EB-ACB1-593BB078F222}"
EndProject
Project("{FAE04EC0-301F-11D3-BF4B-00C04F79EFBC}") = "FSharp.CodeSnippets.Data.EF", "FSharp.CodeSnippets.Data.EF\FSharp.CodeSnippets.Data.EF.csproj", "{206F9A60-31CD-45DF-AA99-B9ECBEB1D50A}"
EndProject
Global
	GlobalSection(SolutionConfigurationPlatforms) = preSolution
		Debug|Any CPU = Debug|Any CPU
		Release|Any CPU = Release|Any CPU
	EndGlobalSection
	GlobalSection(ProjectConfigurationPlatforms) = postSolution
		{962F91A9-597F-41EB-ACB1-593BB078F222}.Debug|Any CPU.ActiveCfg = Debug|Any CPU
		{962F91A9-597F-41EB-ACB1-593BB078F222}.Debug|Any CPU.Build.0 = Debug|Any CPU
		{962F91A9-597F-41EB-ACB1-593BB078F222}.Release|Any CPU.ActiveCfg = Release|Any CPU
		{962F91A9-597F-41EB-ACB1-593BB078F222}.Release|Any CPU.Build.0 = Release|Any CPU
		{206F9A60-31CD-45DF-AA99-B9ECBEB1D50A}.Debug|Any CPU.ActiveCfg = Debug|Any CPU
		{206F9A60-31CD-45DF-AA99-B9ECBEB1D50A}.Debug|Any CPU.Build.0 = Debug|Any CPU
		{206F9A60-31CD-45DF-AA99-B9ECBEB1D50A}.Release|Any CPU.ActiveCfg = Release|Any CPU
		{206F9A60-31CD-45DF-AA99-B9ECBEB1D50A}.Release|Any CPU.Build.0 = Release|Any CPU
	EndGlobalSection
	GlobalSection(SolutionProperties) = preSolution
		HideSolutionNode = FALSE
	EndGlobalSection
EndGlobal
