
Microsoft Visual Studio Solution File, Format Version 12.00
# Visual Studio 2013
VisualStudioVersion = 12.0.30723.0
MinimumVisualStudioVersion = 10.0.40219.1
Project("{F2A71F9B-5D33-465A-A702-920D77279786}") = "FSharp.CodeSnippets", "FSharp.CodeSnippets\FSharp.CodeSnippets.fsproj", "{962F91A9-597F-41EB-ACB1-593BB078F222}"
EndProject
Project("{FAE04EC0-301F-11D3-BF4B-00C04F79EFBC}") = "FSharp.CodeSnippets.Data.EF", "FSharp.CodeSnippets.Data.EF\FSharp.CodeSnippets.Data.EF.csproj", "{206F9A60-31CD-45DF-AA99-B9ECBEB1D50A}"
EndProject
Project("{2150E333-8FDC-42A3-9474-1A3956D46DE8}") = ".nuget", ".nuget", "{4C5F6072-D42B-4F29-A3A8-52E316BD149B}"
	ProjectSection(SolutionItems) = preProject
		.nuget\packages.config = .nuget\packages.config
	EndProjectSection
EndProject
Project("{F2A71F9B-5D33-465A-A702-920D77279786}") = "FSharp.CodeSnippets.DataScience", "FSharp.CodeSnippets.DataScience\FSharp.CodeSnippets.DataScience.fsproj", "{8EECEE8B-0974-4F7C-A3A1-5523376DF133}"
EndProject
Project("{F2A71F9B-5D33-465A-A702-920D77279786}") = "FSharp.CodeSnippets.Azure", "FSharp.CodeSnippets.Azure\FSharp.CodeSnippets.Azure.fsproj", "{16882BB2-C487-401D-9DD1-239BBE72F3F2}"
EndProject
Project("{F2A71F9B-5D33-465A-A702-920D77279786}") = "FSharp.CodeSnippets.Parallel", "FSharp.CodeSnippets.Parallel\FSharp.CodeSnippets.Parallel.fsproj", "{A9621139-1E81-4EE8-8D79-18E39D6F3E2B}"
EndProject
Project("{F2A71F9B-5D33-465A-A702-920D77279786}") = "FSharp.CodeSnippets.AWS", "FSharp.CodeSnippets.AWS\FSharp.CodeSnippets.AWS.fsproj", "{62A770A0-328D-4A94-9A42-ACBEBBF6AAC4}"
EndProject
Global
	GlobalSection(SolutionConfigurationPlatforms) = preSolution
		Debug|Any CPU = Debug|Any CPU
		Release|Any CPU = Release|Any CPU
	EndGlobalSection
	GlobalSection(ProjectConfigurationPlatforms) = postSolution
		{962F91A9-597F-41EB-ACB1-593BB078F222}.Debug|Any CPU.ActiveCfg = Debug|Any CPU
		{962F91A9-597F-41EB-ACB1-593BB078F222}.Debug|Any CPU.Build.0 = Debug|Any CPU
		{962F91A9-597F-41EB-ACB1-593BB078F222}.Release|Any CPU.ActiveCfg = Release|Any CPU
		{962F91A9-597F-41EB-ACB1-593BB078F222}.Release|Any CPU.Build.0 = Release|Any CPU
		{206F9A60-31CD-45DF-AA99-B9ECBEB1D50A}.Debug|Any CPU.ActiveCfg = Debug|Any CPU
		{206F9A60-31CD-45DF-AA99-B9ECBEB1D50A}.Debug|Any CPU.Build.0 = Debug|Any CPU
		{206F9A60-31CD-45DF-AA99-B9ECBEB1D50A}.Release|Any CPU.ActiveCfg = Release|Any CPU
		{206F9A60-31CD-45DF-AA99-B9ECBEB1D50A}.Release|Any CPU.Build.0 = Release|Any CPU
		{8EECEE8B-0974-4F7C-A3A1-5523376DF133}.Debug|Any CPU.ActiveCfg = Debug|Any CPU
		{8EECEE8B-0974-4F7C-A3A1-5523376DF133}.Debug|Any CPU.Build.0 = Debug|Any CPU
		{8EECEE8B-0974-4F7C-A3A1-5523376DF133}.Release|Any CPU.ActiveCfg = Release|Any CPU
		{8EECEE8B-0974-4F7C-A3A1-5523376DF133}.Release|Any CPU.Build.0 = Release|Any CPU
		{16882BB2-C487-401D-9DD1-239BBE72F3F2}.Debug|Any CPU.ActiveCfg = Debug|Any CPU
		{16882BB2-C487-401D-9DD1-239BBE72F3F2}.Debug|Any CPU.Build.0 = Debug|Any CPU
		{16882BB2-C487-401D-9DD1-239BBE72F3F2}.Release|Any CPU.ActiveCfg = Release|Any CPU
		{16882BB2-C487-401D-9DD1-239BBE72F3F2}.Release|Any CPU.Build.0 = Release|Any CPU
		{A9621139-1E81-4EE8-8D79-18E39D6F3E2B}.Debug|Any CPU.ActiveCfg = Debug|Any CPU
		{A9621139-1E81-4EE8-8D79-18E39D6F3E2B}.Debug|Any CPU.Build.0 = Debug|Any CPU
		{A9621139-1E81-4EE8-8D79-18E39D6F3E2B}.Release|Any CPU.ActiveCfg = Release|Any CPU
		{A9621139-1E81-4EE8-8D79-18E39D6F3E2B}.Release|Any CPU.Build.0 = Release|Any CPU
		{62A770A0-328D-4A94-9A42-ACBEBBF6AAC4}.Debug|Any CPU.ActiveCfg = Debug|Any CPU
		{62A770A0-328D-4A94-9A42-ACBEBBF6AAC4}.Debug|Any CPU.Build.0 = Debug|Any CPU
		{62A770A0-328D-4A94-9A42-ACBEBBF6AAC4}.Release|Any CPU.ActiveCfg = Release|Any CPU
		{62A770A0-328D-4A94-9A42-ACBEBBF6AAC4}.Release|Any CPU.Build.0 = Release|Any CPU
	EndGlobalSection
	GlobalSection(SolutionProperties) = preSolution
		HideSolutionNode = FALSE
	EndGlobalSection
EndGlobal
